
Microsoft Visual Studio Solution File, Format Version 12.00
# Visual Studio 14
VisualStudioVersion = 14.0.25123.0
MinimumVisualStudioVersion = 10.0.40219.1
Project("{2150E333-8FDC-42A3-9474-1A3956D46DE8}") = "src", "src", "{750DB4F6-4C5E-47F8-9BD9-D30181C64F39}"
EndProject
Project("{2150E333-8FDC-42A3-9474-1A3956D46DE8}") = "Solution Items", "Solution Items", "{83FED358-0394-485F-BB82-0C59D67701BC}"
	ProjectSection(SolutionItems) = preProject
		global.json = global.json
	EndProjectSection
EndProject
Project("{8BB2217D-0F2D-49D1-97BC-3654ED321F3B}") = "NETCoreLogging", "src\NETCoreLogging\NETCoreLogging.xproj", "{CB2F89A8-8E72-4084-936F-C2A0D27F161E}"
EndProject
Global
	GlobalSection(SolutionConfigurationPlatforms) = preSolution
		Debug|Any CPU = Debug|Any CPU
		Release|Any CPU = Release|Any CPU
	EndGlobalSection
	GlobalSection(ProjectConfigurationPlatforms) = postSolution
		{CB2F89A8-8E72-4084-936F-C2A0D27F161E}.Debug|Any CPU.ActiveCfg = Debug|Any CPU
		{CB2F89A8-8E72-4084-936F-C2A0D27F161E}.Debug|Any CPU.Build.0 = Debug|Any CPU
		{CB2F89A8-8E72-4084-936F-C2A0D27F161E}.Release|Any CPU.ActiveCfg = Release|Any CPU
		{CB2F89A8-8E72-4084-936F-C2A0D27F161E}.Release|Any CPU.Build.0 = Release|Any CPU
	EndGlobalSection
	GlobalSection(SolutionProperties) = preSolution
		HideSolutionNode = FALSE
	EndGlobalSection
	GlobalSection(NestedProjects) = preSolution
		{CB2F89A8-8E72-4084-936F-C2A0D27F161E} = {750DB4F6-4C5E-47F8-9BD9-D30181C64F39}
	EndGlobalSection
EndGlobal
